
Microsoft Visual Studio Solution File, Format Version 12.00
# Visual Studio Version 17
VisualStudioVersion = 17.3.32825.248
MinimumVisualStudioVersion = 10.0.40219.1
Project("{FAE04EC0-301F-11D3-BF4B-00C04F79EFBC}") = "practose1", "practose1.csproj", "{BF75F817-A972-4BC5-95F8-89D5A166C608}"
EndProject
Global
	GlobalSection(SolutionConfigurationPlatforms) = preSolution
		Debug|Any CPU = Debug|Any CPU
		Release|Any CPU = Release|Any CPU
	EndGlobalSection
	GlobalSection(ProjectConfigurationPlatforms) = postSolution
		{BF75F817-A972-4BC5-95F8-89D5A166C608}.Debug|Any CPU.ActiveCfg = Debug|Any CPU
		{BF75F817-A972-4BC5-95F8-89D5A166C608}.Debug|Any CPU.Build.0 = Debug|Any CPU
		{BF75F817-A972-4BC5-95F8-89D5A166C608}.Release|Any CPU.ActiveCfg = Release|Any CPU
		{BF75F817-A972-4BC5-95F8-89D5A166C608}.Release|Any CPU.Build.0 = Release|Any CPU
	EndGlobalSection
	GlobalSection(SolutionProperties) = preSolution
		HideSolutionNode = FALSE
	EndGlobalSection
	GlobalSection(ExtensibilityGlobals) = postSolution
		SolutionGuid = {F4CA2B74-7179-4A8E-A906-CEEA4A5186A4}
	EndGlobalSection
EndGlobal
